PODS:
  - app_client_info_ios (0.1.0):
    - Flutter
  - app_local_llm_ios (0.1.0):
    - Flutter
  - app_system_metrics_ios (0.1.0):
    - Flutter
  - Flutter (1.0.0)
  - flutter_keyboard_visibility (0.0.1):
    - Flutter
  - lib_llama_cpp_ios (0.7.1):
    - Flutter

DEPENDENCIES:
  - app_client_info_ios (from `.symlinks/plugins/app_client_info_ios/ios`)
  - app_local_llm_ios (from `.symlinks/plugins/app_local_llm_ios/ios`)
  - app_system_metrics_ios (from `.symlinks/plugins/app_system_metrics_ios/ios`)
  - Flutter (from `Flutter`)
  - flutter_keyboard_visibility (from `.symlinks/plugins/flutter_keyboard_visibility/ios`)
  - lib_llama_cpp_ios (from `.symlinks/plugins/lib_llama_cpp_ios/ios`)

EXTERNAL SOURCES:
  app_client_info_ios:
    :path: ".symlinks/plugins/app_client_info_ios/ios"
  app_local_llm_ios:
    :path: ".symlinks/plugins/app_local_llm_ios/ios"
  app_system_metrics_ios:
    :path: ".symlinks/plugins/app_system_metrics_ios/ios"
  Flutter:
    :path: Flutter
  flutter_keyboard_visibility:
    :path: ".symlinks/plugins/flutter_keyboard_visibility/ios"
  lib_llama_cpp_ios:
    :path: ".symlinks/plugins/lib_llama_cpp_ios/ios"

SPEC CHECKSUMS:
  app_client_info_ios: 762dbe294a7a88be2344930b4c9c0a7be980905b
  app_local_llm_ios: 5266f6d11165bf00856d0922502fed5dca2603f2
  app_system_metrics_ios: cac3f0ae04ff52a49aa8ee512488022a4d1d2fc7
  Flutter: cabc95a1d2626b1b06e7179b784ebcf0c0cde467
  flutter_keyboard_visibility: 4625131e43015dbbe759d9b20daaf77e0e3f6619
  lib_llama_cpp_ios: 2b5cd958eeaa31730a713f4884e3a447d9a2cec4

PODFILE CHECKSUM: 8f0ff250e41c4a145ba5fbf166f4d1257ea5a9fc

COCOAPODS: 1.16.2
